
Microsoft Visual Studio Solution File, Format Version 12.00
# Visual Studio 15
VisualStudioVersion = 15.0.28306.52
MinimumVisualStudioVersion = 10.0.40219.1
Project("{FAE04EC0-301F-11D3-BF4B-00C04F79EFBC}") = "ExceptionTraining", "ExceptionTraining\ExceptionTraining.csproj", "{3205EB08-1614-4533-ABF2-1A990B6CE252}"
EndProject
Global
	GlobalSection(SolutionConfigurationPlatforms) = preSolution
		Debug|Any CPU = Debug|Any CPU
		Release|Any CPU = Release|Any CPU
	EndGlobalSection
	GlobalSection(ProjectConfigurationPlatforms) = postSolution
		{3205EB08-1614-4533-ABF2-1A990B6CE252}.Debug|Any CPU.ActiveCfg = Debug|Any CPU
		{3205EB08-1614-4533-ABF2-1A990B6CE252}.Debug|Any CPU.Build.0 = Debug|Any CPU
		{3205EB08-1614-4533-ABF2-1A990B6CE252}.Release|Any CPU.ActiveCfg = Release|Any CPU
		{3205EB08-1614-4533-ABF2-1A990B6CE252}.Release|Any CPU.Build.0 = Release|Any CPU
	EndGlobalSection
	GlobalSection(SolutionProperties) = preSolution
		HideSolutionNode = FALSE
	EndGlobalSection
	GlobalSection(ExtensibilityGlobals) = postSolution
		SolutionGuid = {29DCC92D-462A-40F4-930B-099F649304C1}
	EndGlobalSection
EndGlobal
