
Microsoft Visual Studio Solution File, Format Version 12.00
# Visual Studio 15
VisualStudioVersion = 15.0.28307.102
MinimumVisualStudioVersion = 10.0.40219.1
Project("{FAE04EC0-301F-11D3-BF4B-00C04F79EFBC}") = "BouncingLabels", "BouncingLabels\BouncingLabels.csproj", "{C2686D7F-0C36-4CDF-871B-0EBFFAAD746A}"
EndProject
Global
	GlobalSection(SolutionConfigurationPlatforms) = preSolution
		Debug|Any CPU = Debug|Any CPU
		Release|Any CPU = Release|Any CPU
	EndGlobalSection
	GlobalSection(ProjectConfigurationPlatforms) = postSolution
		{C2686D7F-0C36-4CDF-871B-0EBFFAAD746A}.Debug|Any CPU.ActiveCfg = Debug|Any CPU
		{C2686D7F-0C36-4CDF-871B-0EBFFAAD746A}.Debug|Any CPU.Build.0 = Debug|Any CPU
		{C2686D7F-0C36-4CDF-871B-0EBFFAAD746A}.Release|Any CPU.ActiveCfg = Release|Any CPU
		{C2686D7F-0C36-4CDF-871B-0EBFFAAD746A}.Release|Any CPU.Build.0 = Release|Any CPU
	EndGlobalSection
	GlobalSection(SolutionProperties) = preSolution
		HideSolutionNode = FALSE
	EndGlobalSection
	GlobalSection(ExtensibilityGlobals) = postSolution
		SolutionGuid = {347E00C4-E591-4925-90DF-4212B15C333C}
	EndGlobalSection
EndGlobal
